
Microsoft Visual Studio Solution File, Format Version 12.00
# Visual Studio Version 17
VisualStudioVersion = 17.8.34408.163
MinimumVisualStudioVersion = 10.0.40219.1
Project("{FAE04EC0-301F-11D3-BF4B-00C04F79EFBC}") = "Counter Class WinForms", "Counter Class WinForms\Counter Class WinForms.csproj", "{08664210-B4E4-49DB-BC4A-E2CE397D903B}"
EndProject
Global
	GlobalSection(SolutionConfigurationPlatforms) = preSolution
		Debug|Any CPU = Debug|Any CPU
		Release|Any CPU = Release|Any CPU
	EndGlobalSection
	GlobalSection(ProjectConfigurationPlatforms) = postSolution
		{08664210-B4E4-49DB-BC4A-E2CE397D903B}.Debug|Any CPU.ActiveCfg = Debug|Any CPU
		{08664210-B4E4-49DB-BC4A-E2CE397D903B}.Debug|Any CPU.Build.0 = Debug|Any CPU
		{08664210-B4E4-49DB-BC4A-E2CE397D903B}.Release|Any CPU.ActiveCfg = Release|Any CPU
		{08664210-B4E4-49DB-BC4A-E2CE397D903B}.Release|Any CPU.Build.0 = Release|Any CPU
	EndGlobalSection
	GlobalSection(SolutionProperties) = preSolution
		HideSolutionNode = FALSE
	EndGlobalSection
	GlobalSection(ExtensibilityGlobals) = postSolution
		SolutionGuid = {AE51657F-ADB3-47E6-8B57-1241FEC48447}
	EndGlobalSection
EndGlobal
